// !$*UTF8*$!
{
	archiveVersion = 1;
	classes = {
	};
	objectVersion = 55;
	objects = {

/* Begin PBXBuildFile section */
		4452A0DEF4EE0367931B4EBB /* Pods_MVVMRxSwift.framework in Frameworks */ = {isa = PBXBuildFile; fileRef = 08FC3494AB3FA94B9F457F0F /* Pods_MVVMRxSwift.framework */; };
		FB186B7D2716E583005B78F6 /* AppDelegate.swift in Sources */ = {isa = PBXBuildFile; fileRef = FB186B7C2716E583005B78F6 /* AppDelegate.swift */; };
		FB186B7F2716E583005B78F6 /* SceneDelegate.swift in Sources */ = {isa = PBXBuildFile; fileRef = FB186B7E2716E583005B78F6 /* SceneDelegate.swift */; };
		FB186B812716E583005B78F6 /* ViewController.swift in Sources */ = {isa = PBXBuildFile; fileRef = FB186B802716E583005B78F6 /* ViewController.swift */; };
		FB186B842716E583005B78F6 /* Main.storyboard in Resources */ = {isa = PBXBuildFile; fileRef = FB186B822716E583005B78F6 /* Main.storyboard */; };
		FB186B862716E585005B78F6 /* Assets.xcassets in Resources */ = {isa = PBXBuildFile; fileRef = FB186B852716E585005B78F6 /* Assets.xcassets */; };
		FB186B892716E585005B78F6 /* LaunchScreen.storyboard in Resources */ = {isa = PBXBuildFile; fileRef = FB186B872716E585005B78F6 /* LaunchScreen.storyboard */; };
		FB76D057271707D500A7A825 /* messageList.json in Resources */ = {isa = PBXBuildFile; fileRef = FB76D056271707D500A7A825 /* messageList.json */; };
		FB76D059271708D000A7A825 /* Obj.swift in Sources */ = {isa = PBXBuildFile; fileRef = FB76D058271708D000A7A825 /* Obj.swift */; };
		FBDAB21A2716E67700C12DA5 /* AppCoordinator.swift in Sources */ = {isa = PBXBuildFile; fileRef = FBDAB2192716E67700C12DA5 /* AppCoordinator.swift */; };
		FBDAB21C2716E9BF00C12DA5 /* restaurants.json in Resources */ = {isa = PBXBuildFile; fileRef = FBDAB21B2716E9BF00C12DA5 /* restaurants.json */; };
		FBDAB21E2716EA4C00C12DA5 /* MessageModel.swift in Sources */ = {isa = PBXBuildFile; fileRef = FBDAB21D2716EA4C00C12DA5 /* MessageModel.swift */; };
		FBDAB2202716EA8000C12DA5 /* RestaurantService.swift in Sources */ = {isa = PBXBuildFile; fileRef = FBDAB21F2716EA8000C12DA5 /* RestaurantService.swift */; };
		FBDAB2222716EE1400C12DA5 /* RestaurantsListViewModel.swift in Sources */ = {isa = PBXBuildFile; fileRef = FBDAB2212716EE1400C12DA5 /* RestaurantsListViewModel.swift */; };
		FBDAB2242716EF1600C12DA5 /* RestaurantViewModel.swift in Sources */ = {isa = PBXBuildFile; fileRef = FBDAB2232716EF1600C12DA5 /* RestaurantViewModel.swift */; };
/* End PBXBuildFile section */

/* Begin PBXFileReference section */
		08FC3494AB3FA94B9F457F0F /* Pods_MVVMRxSwift.framework */ = {isa = PBXFileReference; explicitFileType = wrapper.framework; includeInIndex = 0; path = Pods_MVVMRxSwift.framework; sourceTree = BUILT_PRODUCTS_DIR; };
		B5342172FFB153F3C8624BBE /* Pods-MVVMRxSwift.debug.xcconfig */ = {isa = PBXFileReference; includeInIndex = 1; lastKnownFileType = text.xcconfig; name = "Pods-MVVMRxSwift.debug.xcconfig"; path = "Target Support Files/Pods-MVVMRxSwift/Pods-MVVMRxSwift.debug.xcconfig"; sourceTree = "<group>"; };
		BB4C5139B917BE32F3639798 /* Pods-MVVMRxSwift.release.xcconfig */ = {isa = PBXFileReference; includeInIndex = 1; lastKnownFileType = text.xcconfig; name = "Pods-MVVMRxSwift.release.xcconfig"; path = "Target Support Files/Pods-MVVMRxSwift/Pods-MVVMRxSwift.release.xcconfig"; sourceTree = "<group>"; };
		FB186B792716E583005B78F6 /* MVVMRxSwift.app */ = {isa = PBXFileReference; explicitFileType = wrapper.application; includeInIndex = 0; path = MVVMRxSwift.app; sourceTree = BUILT_PRODUCTS_DIR; };
		FB186B7C2716E583005B78F6 /* AppDelegate.swift */ = {isa = PBXFileReference; lastKnownFileType = sourcecode.swift; path = AppDelegate.swift; sourceTree = "<group>"; };
		FB186B7E2716E583005B78F6 /* SceneDelegate.swift */ = {isa = PBXFileReference; lastKnownFileType = sourcecode.swift; path = SceneDelegate.swift; sourceTree = "<group>"; };
		FB186B802716E583005B78F6 /* ViewController.swift */ = {isa = PBXFileReference; lastKnownFileType = sourcecode.swift; path = ViewController.swift; sourceTree = "<group>"; };
		FB186B832716E583005B78F6 /* Base */ = {isa = PBXFileReference; lastKnownFileType = file.storyboard; name = Base; path = Base.lproj/Main.storyboard; sourceTree = "<group>"; };
		FB186B852716E585005B78F6 /* Assets.xcassets */ = {isa = PBXFileReference; lastKnownFileType = folder.assetcatalog; path = Assets.xcassets; sourceTree = "<group>"; };
		FB186B882716E585005B78F6 /* Base */ = {isa = PBXFileReference; lastKnownFileType = file.storyboard; name = Base; path = Base.lproj/LaunchScreen.storyboard; sourceTree = "<group>"; };
		FB186B8A2716E585005B78F6 /* Info.plist */ = {isa = PBXFileReference; lastKnownFileType = text.plist.xml; path = Info.plist; sourceTree = "<group>"; };
		FB76D056271707D500A7A825 /* messageList.json */ = {isa = PBXFileReference; fileEncoding = 4; lastKnownFileType = text.json; path = messageList.json; sourceTree = "<group>"; };
		FB76D058271708D000A7A825 /* Obj.swift */ = {isa = PBXFileReference; lastKnownFileType = sourcecode.swift; path = Obj.swift; sourceTree = "<group>"; };
		FBDAB2192716E67700C12DA5 /* AppCoordinator.swift */ = {isa = PBXFileReference; lastKnownFileType = sourcecode.swift; path = AppCoordinator.swift; sourceTree = "<group>"; };
		FBDAB21B2716E9BF00C12DA5 /* restaurants.json */ = {isa = PBXFileReference; lastKnownFileType = text.json; path = restaurants.json; sourceTree = "<group>"; };
		FBDAB21D2716EA4C00C12DA5 /* MessageModel.swift */ = {isa = PBXFileReference; lastKnownFileType = sourcecode.swift; path = MessageModel.swift; sourceTree = "<group>"; };
		FBDAB21F2716EA8000C12DA5 /* RestaurantService.swift */ = {isa = PBXFileReference; lastKnownFileType = sourcecode.swift; path = RestaurantService.swift; sourceTree = "<group>"; };
		FBDAB2212716EE1400C12DA5 /* RestaurantsListViewModel.swift */ = {isa = PBXFileReference; lastKnownFileType = sourcecode.swift; path = RestaurantsListViewModel.swift; sourceTree = "<group>"; };
		FBDAB2232716EF1600C12DA5 /* RestaurantViewModel.swift */ = {isa = PBXFileReference; lastKnownFileType = sourcecode.swift; path = RestaurantViewModel.swift; sourceTree = "<group>"; };
/* End PBXFileReference section */

/* Begin PBXFrameworksBuildPhase section */
		FB186B762716E583005B78F6 /* Frameworks */ = {
			isa = PBXFrameworksBuildPhase;
			buildActionMask = 2147483647;
			files = (
				4452A0DEF4EE0367931B4EBB /* Pods_MVVMRxSwift.framework in Frameworks */,
			);
			runOnlyForDeploymentPostprocessing = 0;
		};
/* End PBXFrameworksBuildPhase section */

/* Begin PBXGroup section */
		0FEC555F487416B8E8E22E9A /* Frameworks */ = {
			isa = PBXGroup;
			children = (
				08FC3494AB3FA94B9F457F0F /* Pods_MVVMRxSwift.framework */,
			);
			name = Frameworks;
			sourceTree = "<group>";
		};
		2CDE17AAAF81A5D73D5B66DF /* Pods */ = {
			isa = PBXGroup;
			children = (
				B5342172FFB153F3C8624BBE /* Pods-MVVMRxSwift.debug.xcconfig */,
				BB4C5139B917BE32F3639798 /* Pods-MVVMRxSwift.release.xcconfig */,
			);
			path = Pods;
			sourceTree = "<group>";
		};
		FB186B702716E583005B78F6 = {
			isa = PBXGroup;
			children = (
				FB186B7B2716E583005B78F6 /* MVVMRxSwift */,
				FB186B7A2716E583005B78F6 /* Products */,
				2CDE17AAAF81A5D73D5B66DF /* Pods */,
				0FEC555F487416B8E8E22E9A /* Frameworks */,
			);
			sourceTree = "<group>";
		};
		FB186B7A2716E583005B78F6 /* Products */ = {
			isa = PBXGroup;
			children = (
				FB186B792716E583005B78F6 /* MVVMRxSwift.app */,
			);
			name = Products;
			sourceTree = "<group>";
		};
		FB186B7B2716E583005B78F6 /* MVVMRxSwift */ = {
			isa = PBXGroup;
			children = (
				FBDAB22A2716FA8D00C12DA5 /* App */,
				FBDAB2252716FA2D00C12DA5 /* Data */,
				FBDAB2272716FA4000C12DA5 /* Service */,
				FBDAB2262716FA3900C12DA5 /* Model */,
				FBDAB2292716FA7800C12DA5 /* View */,
				FBDAB2282716FA4600C12DA5 /* ViewModel */,
				FB186B852716E585005B78F6 /* Assets.xcassets */,
				FB186B872716E585005B78F6 /* LaunchScreen.storyboard */,
				FB186B8A2716E585005B78F6 /* Info.plist */,
			);
			path = MVVMRxSwift;
			sourceTree = "<group>";
		};
		FBDAB2252716FA2D00C12DA5 /* Data */ = {
			isa = PBXGroup;
			children = (
				FBDAB21B2716E9BF00C12DA5 /* restaurants.json */,
				FB76D056271707D500A7A825 /* messageList.json */,
			);
			path = Data;
			sourceTree = "<group>";
		};
		FBDAB2262716FA3900C12DA5 /* Model */ = {
			isa = PBXGroup;
			children = (
				FBDAB21D2716EA4C00C12DA5 /* MessageModel.swift */,
				FB76D058271708D000A7A825 /* Obj.swift */,
			);
			path = Model;
			sourceTree = "<group>";
		};
		FBDAB2272716FA4000C12DA5 /* Service */ = {
			isa = PBXGroup;
			children = (
				FBDAB21F2716EA8000C12DA5 /* RestaurantService.swift */,
			);
			path = Service;
			sourceTree = "<group>";
		};
		FBDAB2282716FA4600C12DA5 /* ViewModel */ = {
			isa = PBXGroup;
			children = (
				FBDAB2232716EF1600C12DA5 /* RestaurantViewModel.swift */,
				FBDAB2212716EE1400C12DA5 /* RestaurantsListViewModel.swift */,
			);
			path = ViewModel;
			sourceTree = "<group>";
		};
		FBDAB2292716FA7800C12DA5 /* View */ = {
			isa = PBXGroup;
			children = (
				FB186B802716E583005B78F6 /* ViewController.swift */,
				FB186B822716E583005B78F6 /* Main.storyboard */,
			);
			path = View;
			sourceTree = "<group>";
		};
		FBDAB22A2716FA8D00C12DA5 /* App */ = {
			isa = PBXGroup;
			children = (
				FBDAB2192716E67700C12DA5 /* AppCoordinator.swift */,
				FB186B7C2716E583005B78F6 /* AppDelegate.swift */,
				FB186B7E2716E583005B78F6 /* SceneDelegate.swift */,
			);
			path = App;
			sourceTree = "<group>";
		};
/* End PBXGroup section */

/* Begin PBXNativeTarget section */
		FB186B782716E583005B78F6 /* MVVMRxSwift */ = {
			isa = PBXNativeTarget;
			buildConfigurationList = FB186B8D2716E585005B78F6 /* Build configuration list for PBXNativeTarget "MVVMRxSwift" */;
			buildPhases = (
				60B6DF9A7212B2505F6C8E26 /* [CP] Check Pods Manifest.lock */,
				FB186B752716E583005B78F6 /* Sources */,
				FB186B762716E583005B78F6 /* Frameworks */,
				FB186B772716E583005B78F6 /* Resources */,
				55611B5EF57EC687E0705AC7 /* [CP] Embed Pods Frameworks */,
			);
			buildRules = (
			);
			dependencies = (
			);
			name = MVVMRxSwift;
			productName = MVVMRxSwift;
			productReference = FB186B792716E583005B78F6 /* MVVMRxSwift.app */;
			productType = "com.apple.product-type.application";
		};
/* End PBXNativeTarget section */

/* Begin PBXProject section */
		FB186B712716E583005B78F6 /* Project object */ = {
			isa = PBXProject;
			attributes = {
				BuildIndependentTargetsInParallel = 1;
				LastSwiftUpdateCheck = 1300;
				LastUpgradeCheck = 1300;
				TargetAttributes = {
					FB186B782716E583005B78F6 = {
						CreatedOnToolsVersion = 13.0;
					};
				};
			};
			buildConfigurationList = FB186B742716E583005B78F6 /* Build configuration list for PBXProject "MVVMRxSwift" */;
			compatibilityVersion = "Xcode 13.0";
			developmentRegion = en;
			hasScannedForEncodings = 0;
			knownRegions = (
				en,
				Base,
			);
			mainGroup = FB186B702716E583005B78F6;
			productRefGroup = FB186B7A2716E583005B78F6 /* Products */;
			projectDirPath = "";
			projectRoot = "";
			targets = (
				FB186B782716E583005B78F6 /* MVVMRxSwift */,
			);
		};
/* End PBXProject section */

/* Begin PBXResourcesBuildPhase section */
		FB186B772716E583005B78F6 /* Resources */ = {
			isa = PBXResourcesBuildPhase;
			buildActionMask = 2147483647;
			files = (
				FBDAB21C2716E9BF00C12DA5 /* restaurants.json in Resources */,
				FB186B892716E585005B78F6 /* LaunchScreen.storyboard in Resources */,
				FB76D057271707D500A7A825 /* messageList.json in Resources */,
				FB186B862716E585005B78F6 /* Assets.xcassets in Resources */,
				FB186B842716E583005B78F6 /* Main.storyboard in Resources */,
			);
			runOnlyForDeploymentPostprocessing = 0;
		};
/* End PBXResourcesBuildPhase section */

/* Begin PBXShellScriptBuildPhase section */
		55611B5EF57EC687E0705AC7 /* [CP] Embed Pods Frameworks */ = {
			isa = PBXShellScriptBuildPhase;
			buildActionMask = 2147483647;
			files = (
			);
			inputFileListPaths = (
				"${PODS_ROOT}/Target Support Files/Pods-MVVMRxSwift/Pods-MVVMRxSwift-frameworks-${CONFIGURATION}-input-files.xcfilelist",
			);
			name = "[CP] Embed Pods Frameworks";
			outputFileListPaths = (
				"${PODS_ROOT}/Target Support Files/Pods-MVVMRxSwift/Pods-MVVMRxSwift-frameworks-${CONFIGURATION}-output-files.xcfilelist",
			);
			runOnlyForDeploymentPostprocessing = 0;
			shellPath = /bin/sh;
			shellScript = "\"${PODS_ROOT}/Target Support Files/Pods-MVVMRxSwift/Pods-MVVMRxSwift-frameworks.sh\"\n";
			showEnvVarsInLog = 0;
		};
		60B6DF9A7212B2505F6C8E26 /* [CP] Check Pods Manifest.lock */ = {
			isa = PBXShellScriptBuildPhase;
			buildActionMask = 2147483647;
			files = (
			);
			inputFileListPaths = (
			);
			inputPaths = (
				"${PODS_PODFILE_DIR_PATH}/Podfile.lock",
				"${PODS_ROOT}/Manifest.lock",
			);
			name = "[CP] Check Pods Manifest.lock";
			outputFileListPaths = (
			);
			outputPaths = (
				"$(DERIVED_FILE_DIR)/Pods-MVVMRxSwift-checkManifestLockResult.txt",
			);
			runOnlyForDeploymentPostprocessing = 0;
			shellPath = /bin/sh;
			shellScript = "diff \"${PODS_PODFILE_DIR_PATH}/Podfile.lock\" \"${PODS_ROOT}/Manifest.lock\" > /dev/null\nif [ $? != 0 ] ; then\n    # print error to STDERR\n    echo \"error: The sandbox is not in sync with the Podfile.lock. Run 'pod install' or update your CocoaPods installation.\" >&2\n    exit 1\nfi\n# This output is used by Xcode 'outputs' to avoid re-running this script phase.\necho \"SUCCESS\" > \"${SCRIPT_OUTPUT_FILE_0}\"\n";
			showEnvVarsInLog = 0;
		};
/* End PBXShellScriptBuildPhase section */

/* Begin PBXSourcesBuildPhase section */
		FB186B752716E583005B78F6 /* Sources */ = {
			isa = PBXSourcesBuildPhase;
			buildActionMask = 2147483647;
			files = (
				FBDAB21E2716EA4C00C12DA5 /* MessageModel.swift in Sources */,
				FBDAB2242716EF1600C12DA5 /* RestaurantViewModel.swift in Sources */,
				FBDAB21A2716E67700C12DA5 /* AppCoordinator.swift in Sources */,
				FB186B812716E583005B78F6 /* ViewController.swift in Sources */,
				FB186B7D2716E583005B78F6 /* AppDelegate.swift in Sources */,
				FB76D059271708D000A7A825 /* Obj.swift in Sources */,
				FBDAB2202716EA8000C12DA5 /* RestaurantService.swift in Sources */,
				FBDAB2222716EE1400C12DA5 /* RestaurantsListViewModel.swift in Sources */,
				FB186B7F2716E583005B78F6 /* SceneDelegate.swift in Sources */,
			);
			runOnlyForDeploymentPostprocessing = 0;
		};
/* End PBXSourcesBuildPhase section */

/* Begin PBXVariantGroup section */
		FB186B822716E583005B78F6 /* Main.storyboard */ = {
			isa = PBXVariantGroup;
			children = (
				FB186B832716E583005B78F6 /* Base */,
			);
			name = Main.storyboard;
			sourceTree = "<group>";
		};
		FB186B872716E585005B78F6 /* LaunchScreen.storyboard */ = {
			isa = PBXVariantGroup;
			children = (
				FB186B882716E585005B78F6 /* Base */,
			);
			name = LaunchScreen.storyboard;
			sourceTree = "<group>";
		};
/* End PBXVariantGroup section */

/* Begin XCBuildConfiguration section */
		FB186B8B2716E585005B78F6 /* Debug */ = {
			isa = XCBuildConfiguration;
			buildSettings = {
				ALWAYS_SEARCH_USER_PATHS = NO;
				CLANG_ANALYZER_NONNULL = YES;
				CLANG_ANALYZER_NUMBER_OBJECT_CONVERSION = YES_AGGRESSIVE;
				CLANG_CXX_LANGUAGE_STANDARD = "gnu++17";
				CLANG_CXX_LIBRARY = "libc++";
				CLANG_ENABLE_MODULES = YES;
				CLANG_ENABLE_OBJC_ARC = YES;
				CLANG_ENABLE_OBJC_WEAK = YES;
				CLANG_WARN_BLOCK_CAPTURE_AUTORELEASING = YES;
				CLANG_WARN_BOOL_CONVERSION = YES;
				CLANG_WARN_COMMA = YES;
				CLANG_WARN_CONSTANT_CONVERSION = YES;
				CLANG_WARN_DEPRECATED_OBJC_IMPLEMENTATIONS = YES;
				CLANG_WARN_DIRECT_OBJC_ISA_USAGE = YES_ERROR;
				CLANG_WARN_DOCUMENTATION_COMMENTS = YES;
				CLANG_WARN_EMPTY_BODY = YES;
				CLANG_WARN_ENUM_CONVERSION = YES;
				CLANG_WARN_INFINITE_RECURSION = YES;
				CLANG_WARN_INT_CONVERSION = YES;
				CLANG_WARN_NON_LITERAL_NULL_CONVERSION = YES;
				CLANG_WARN_OBJC_IMPLICIT_RETAIN_SELF = YES;
				CLANG_WARN_OBJC_LITERAL_CONVERSION = YES;
				CLANG_WARN_OBJC_ROOT_CLASS = YES_ERROR;
				CLANG_WARN_QUOTED_INCLUDE_IN_FRAMEWORK_HEADER = YES;
				CLANG_WARN_RANGE_LOOP_ANALYSIS = YES;
				CLANG_WARN_STRICT_PROTOTYPES = YES;
				CLANG_WARN_SUSPICIOUS_MOVE = YES;
				CLANG_WARN_UNGUARDED_AVAILABILITY = YES_AGGRESSIVE;
				CLANG_WARN_UNREACHABLE_CODE = YES;
				CLANG_WARN__DUPLICATE_METHOD_MATCH = YES;
				COPY_PHASE_STRIP = NO;
				DEBUG_INFORMATION_FORMAT = dwarf;
				ENABLE_STRICT_OBJC_MSGSEND = YES;
				ENABLE_TESTABILITY = YES;
				GCC_C_LANGUAGE_STANDARD = gnu11;
				GCC_DYNAMIC_NO_PIC = NO;
				GCC_NO_COMMON_BLOCKS = YES;
				GCC_OPTIMIZATION_LEVEL = 0;
				GCC_PREPROCESSOR_DEFINITIONS = (
					"DEBUG=1",
					"$(inherited)",
				);
				GCC_WARN_64_TO_32_BIT_CONVERSION = YES;
				GCC_WARN_ABOUT_RETURN_TYPE = YES_ERROR;
				GCC_WARN_UNDECLARED_SELECTOR = YES;
				GCC_WARN_UNINITIALIZED_AUTOS = YES_AGGRESSIVE;
				GCC_WARN_UNUSED_FUNCTION = YES;
				GCC_WARN_UNUSED_VARIABLE = YES;
				IPHONEOS_DEPLOYMENT_TARGET = 15.0;
				MTL_ENABLE_DEBUG_INFO = INCLUDE_SOURCE;
				MTL_FAST_MATH = YES;
				ONLY_ACTIVE_ARCH = YES;
				SDKROOT = iphoneos;
				SWIFT_ACTIVE_COMPILATION_CONDITIONS = DEBUG;
				SWIFT_OPTIMIZATION_LEVEL = "-Onone";
			};
			name = Debug;
		};
		FB186B8C2716E585005B78F6 /* Release */ = {
			isa = XCBuildConfiguration;
			buildSettings = {
				ALWAYS_SEARCH_USER_PATHS = NO;
				CLANG_ANALYZER_NONNULL = YES;
				CLANG_ANALYZER_NUMBER_OBJECT_CONVERSION = YES_AGGRESSIVE;
				CLANG_CXX_LANGUAGE_STANDARD = "gnu++17";
				CLANG_CXX_LIBRARY = "libc++";
				CLANG_ENABLE_MODULES = YES;
				CLANG_ENABLE_OBJC_ARC = YES;
				CLANG_ENABLE_OBJC_WEAK = YES;
				CLANG_WARN_BLOCK_CAPTURE_AUTORELEASING = YES;
				CLANG_WARN_BOOL_CONVERSION = YES;
				CLANG_WARN_COMMA = YES;
				CLANG_WARN_CONSTANT_CONVERSION = YES;
				CLANG_WARN_DEPRECATED_OBJC_IMPLEMENTATIONS = YES;
				CLANG_WARN_DIRECT_OBJC_ISA_USAGE = YES_ERROR;
				CLANG_WARN_DOCUMENTATION_COMMENTS = YES;
				CLANG_WARN_EMPTY_BODY = YES;
				CLANG_WARN_ENUM_CONVERSION = YES;
				CLANG_WARN_INFINITE_RECURSION = YES;
				CLANG_WARN_INT_CONVERSION = YES;
				CLANG_WARN_NON_LITERAL_NULL_CONVERSION = YES;
				CLANG_WARN_OBJC_IMPLICIT_RETAIN_SELF = YES;
				CLANG_WARN_OBJC_LITERAL_CONVERSION = YES;
				CLANG_WARN_OBJC_ROOT_CLASS = YES_ERROR;
				CLANG_WARN_QUOTED_INCLUDE_IN_FRAMEWORK_HEADER = YES;
				CLANG_WARN_RANGE_LOOP_ANALYSIS = YES;
				CLANG_WARN_STRICT_PROTOTYPES = YES;
				CLANG_WARN_SUSPICIOUS_MOVE = YES;
				CLANG_WARN_UNGUARDED_AVAILABILITY = YES_AGGRESSIVE;
				CLANG_WARN_UNREACHABLE_CODE = YES;
				CLANG_WARN__DUPLICATE_METHOD_MATCH = YES;
				COPY_PHASE_STRIP = NO;
				DEBUG_INFORMATION_FORMAT = "dwarf-with-dsym";
				ENABLE_NS_ASSERTIONS = NO;
				ENABLE_STRICT_OBJC_MSGSEND = YES;
				GCC_C_LANGUAGE_STANDARD = gnu11;
				GCC_NO_COMMON_BLOCKS = YES;
				GCC_WARN_64_TO_32_BIT_CONVERSION = YES;
				GCC_WARN_ABOUT_RETURN_TYPE = YES_ERROR;
				GCC_WARN_UNDECLARED_SELECTOR = YES;
				GCC_WARN_UNINITIALIZED_AUTOS = YES_AGGRESSIVE;
				GCC_WARN_UNUSED_FUNCTION = YES;
				GCC_WARN_UNUSED_VARIABLE = YES;
				IPHONEOS_DEPLOYMENT_TARGET = 15.0;
				MTL_ENABLE_DEBUG_INFO = NO;
				MTL_FAST_MATH = YES;
				SDKROOT = iphoneos;
				SWIFT_COMPILATION_MODE = wholemodule;
				SWIFT_OPTIMIZATION_LEVEL = "-O";
				VALIDATE_PRODUCT = YES;
			};
			name = Release;
		};
		FB186B8E2716E585005B78F6 /* Debug */ = {
			isa = XCBuildConfiguration;
			baseConfigurationReference = B5342172FFB153F3C8624BBE /* Pods-MVVMRxSwift.debug.xcconfig */;
			buildSettings = {
				ASSETCATALOG_COMPILER_APPICON_NAME = AppIcon;
				ASSETCATALOG_COMPILER_GLOBAL_ACCENT_COLOR_NAME = AccentColor;
				CODE_SIGN_STYLE = Automatic;
				CURRENT_PROJECT_VERSION = 1;
				DEVELOPMENT_TEAM = 2WNCBS39BF;
				GENERATE_INFOPLIST_FILE = YES;
				INFOPLIST_FILE = MVVMRxSwift/Info.plist;
				INFOPLIST_KEY_UIApplicationSupportsIndirectInputEvents = YES;
				INFOPLIST_KEY_UILaunchStoryboardName = LaunchScreen;
				INFOPLIST_KEY_UISupportedInterfaceOrientations_iPad = "UIInterfaceOrientationPortrait UIInterfaceOrientationPortraitUpsideDown UIInterfaceOrientationLandscapeLeft UIInterfaceOrientationLandscapeRight";
				INFOPLIST_KEY_UISupportedInterfaceOrientations_iPhone = "UIInterfaceOrientationPortrait UIInterfaceOrientationLandscapeLeft UIInterfaceOrientationLandscapeRight";
				LD_RUNPATH_SEARCH_PATHS = (
					"$(inherited)",
					"@executable_path/Frameworks",
				);
				MARKETING_VERSION = 1.0;
				PRODUCT_BUNDLE_IDENTIFIER = com.david.MVVMRxSwift;
				PRODUCT_NAME = "$(TARGET_NAME)";
				SWIFT_EMIT_LOC_STRINGS = YES;
				SWIFT_VERSION = 5.0;
				TARGETED_DEVICE_FAMILY = "1,2";
			};
			name = Debug;
		};
		FB186B8F2716E585005B78F6 /* Release */ = {
			isa = XCBuildConfiguration;
			baseConfigurationReference = BB4C5139B917BE32F3639798 /* Pods-MVVMRxSwift.release.xcconfig */;
			buildSettings = {
				ASSETCATALOG_COMPILER_APPICON_NAME = AppIcon;
				ASSETCATALOG_COMPILER_GLOBAL_ACCENT_COLOR_NAME = AccentColor;
				CODE_SIGN_STYLE = Automatic;
				CURRENT_PROJECT_VERSION = 1;
				DEVELOPMENT_TEAM = 2WNCBS39BF;
				GENERATE_INFOPLIST_FILE = YES;
				INFOPLIST_FILE = MVVMRxSwift/Info.plist;
				INFOPLIST_KEY_UIApplicationSupportsIndirectInputEvents = YES;
				INFOPLIST_KEY_UILaunchStoryboardName = LaunchScreen;
				INFOPLIST_KEY_UISupportedInterfaceOrientations_iPad = "UIInterfaceOrientationPortrait UIInterfaceOrientationPortraitUpsideDown UIInterfaceOrientationLandscapeLeft UIInterfaceOrientationLandscapeRight";
				INFOPLIST_KEY_UISupportedInterfaceOrientations_iPhone = "UIInterfaceOrientationPortrait UIInterfaceOrientationLandscapeLeft UIInterfaceOrientationLandscapeRight";
				LD_RUNPATH_SEARCH_PATHS = (
					"$(inherited)",
					"@executable_path/Frameworks",
				);
				MARKETING_VERSION = 1.0;
				PRODUCT_BUNDLE_IDENTIFIER = com.david.MVVMRxSwift;
				PRODUCT_NAME = "$(TARGET_NAME)";
				SWIFT_EMIT_LOC_STRINGS = YES;
				SWIFT_VERSION = 5.0;
				TARGETED_DEVICE_FAMILY = "1,2";
			};
			name = Release;
		};
/* End XCBuildConfiguration section */

/* Begin XCConfigurationList section */
		FB186B742716E583005B78F6 /* Build configuration list for PBXProject "MVVMRxSwift" */ = {
			isa = XCConfigurationList;
			buildConfigurations = (
				FB186B8B2716E585005B78F6 /* Debug */,
				FB186B8C2716E585005B78F6 /* Release */,
			);
			defaultConfigurationIsVisible = 0;
			defaultConfigurationName = Release;
		};
		FB186B8D2716E585005B78F6 /* Build configuration list for PBXNativeTarget "MVVMRxSwift" */ = {
			isa = XCConfigurationList;
			buildConfigurations = (
				FB186B8E2716E585005B78F6 /* Debug */,
				FB186B8F2716E585005B78F6 /* Release */,
			);
			defaultConfigurationIsVisible = 0;
			defaultConfigurationName = Release;
		};
/* End XCConfigurationList section */
	};
	rootObject = FB186B712716E583005B78F6 /* Project object */;
}
